
Microsoft Visual Studio Solution File, Format Version 11.00
# Visual Studio 2010
Project("{FAE04EC0-301F-11D3-BF4B-00C04F79EFBC}") = "Class1", "BlackArmory.csproj", "{7CF248A1-CE9D-483E-84E7-5674D5E88960}"
EndProject
Global
	GlobalSection(SolutionConfigurationPlatforms) = preSolution
		Debug|Any CPU = Debug|Any CPU
		Release|Any CPU = Release|Any CPU
	EndGlobalSection
	GlobalSection(ProjectConfigurationPlatforms) = postSolution
		{7CF248A1-CE9D-483E-84E7-5674D5E88960}.Debug|Any CPU.ActiveCfg = Debug|Any CPU
		{7CF248A1-CE9D-483E-84E7-5674D5E88960}.Debug|Any CPU.Build.0 = Debug|Any CPU
		{7CF248A1-CE9D-483E-84E7-5674D5E88960}.Release|Any CPU.ActiveCfg = Release|Any CPU
		{7CF248A1-CE9D-483E-84E7-5674D5E88960}.Release|Any CPU.Build.0 = Release|Any CPU
	EndGlobalSection
	GlobalSection(SolutionProperties) = preSolution
		HideSolutionNode = FALSE
	EndGlobalSection
EndGlobal
